
Microsoft Visual Studio Solution File, Format Version 12.00
# Visual Studio Version 17
VisualStudioVersion = 17.5.002.0
MinimumVisualStudioVersion = 10.0.40219.1
Project("{9A19103F-16F7-4668-BE54-9A1E7A4F7556}") = "excercise1", "excercise1\excercise1.csproj", "{5C59E608-51CD-4D62-814C-A1DF2404D214}"
EndProject
Project("{9A19103F-16F7-4668-BE54-9A1E7A4F7556}") = "excercise2", "excercise2\excercise2.csproj", "{6F90A589-9803-47A1-A953-0F8407620B3C}"
EndProject
Global
	GlobalSection(SolutionConfigurationPlatforms) = preSolution
		Debug|Any CPU = Debug|Any CPU
		Release|Any CPU = Release|Any CPU
	EndGlobalSection
	GlobalSection(ProjectConfigurationPlatforms) = postSolution
		{5C59E608-51CD-4D62-814C-A1DF2404D214}.Debug|Any CPU.ActiveCfg = Debug|Any CPU
		{5C59E608-51CD-4D62-814C-A1DF2404D214}.Debug|Any CPU.Build.0 = Debug|Any CPU
		{5C59E608-51CD-4D62-814C-A1DF2404D214}.Release|Any CPU.ActiveCfg = Release|Any CPU
		{5C59E608-51CD-4D62-814C-A1DF2404D214}.Release|Any CPU.Build.0 = Release|Any CPU
		{6F90A589-9803-47A1-A953-0F8407620B3C}.Debug|Any CPU.ActiveCfg = Debug|Any CPU
		{6F90A589-9803-47A1-A953-0F8407620B3C}.Debug|Any CPU.Build.0 = Debug|Any CPU
		{6F90A589-9803-47A1-A953-0F8407620B3C}.Release|Any CPU.ActiveCfg = Release|Any CPU
		{6F90A589-9803-47A1-A953-0F8407620B3C}.Release|Any CPU.Build.0 = Release|Any CPU
	EndGlobalSection
	GlobalSection(SolutionProperties) = preSolution
		HideSolutionNode = FALSE
	EndGlobalSection
	GlobalSection(ExtensibilityGlobals) = postSolution
		SolutionGuid = {2CFF4212-360B-46A4-B3BE-7675B3E5BDFB}
	EndGlobalSection
EndGlobal
